// !$*UTF8*$!
{
	archiveVersion = 1;
	classes = {
	};
	objectVersion = 55;
	objects = {

/* Begin PBXBuildFile section */
		3C46D078279EAC09001D5014 /* WordScrambleOverView_29_App.swift in Sources */ = {isa = PBXBuildFile; fileRef = 3C46D077279EAC09001D5014 /* WordScrambleOverView_29_App.swift */; };
		3C46D07A279EAC09001D5014 /* ContentView.swift in Sources */ = {isa = PBXBuildFile; fileRef = 3C46D079279EAC09001D5014 /* ContentView.swift */; };
		3C46D07C279EAC0A001D5014 /* Assets.xcassets in Resources */ = {isa = PBXBuildFile; fileRef = 3C46D07B279EAC0A001D5014 /* Assets.xcassets */; };
		3C46D07F279EAC0A001D5014 /* Preview Assets.xcassets in Resources */ = {isa = PBXBuildFile; fileRef = 3C46D07E279EAC0A001D5014 /* Preview Assets.xcassets */; };
		3C46D086279EB070001D5014 /* ListView.swift in Sources */ = {isa = PBXBuildFile; fileRef = 3C46D085279EB070001D5014 /* ListView.swift */; };
		3C46D088279EB16E001D5014 /* LoadImageFromBundleView.swift in Sources */ = {isa = PBXBuildFile; fileRef = 3C46D087279EB16E001D5014 /* LoadImageFromBundleView.swift */; };
		3C46D08A279EB37A001D5014 /* WorkWithStringWiev.swift in Sources */ = {isa = PBXBuildFile; fileRef = 3C46D089279EB37A001D5014 /* WorkWithStringWiev.swift */; };
/* End PBXBuildFile section */

/* Begin PBXFileReference section */
		3C46D074279EAC09001D5014 /* WordScrambleOverView(29).app */ = {isa = PBXFileReference; explicitFileType = wrapper.application; includeInIndex = 0; path = "WordScrambleOverView(29).app"; sourceTree = BUILT_PRODUCTS_DIR; };
		3C46D077279EAC09001D5014 /* WordScrambleOverView_29_App.swift */ = {isa = PBXFileReference; lastKnownFileType = sourcecode.swift; path = WordScrambleOverView_29_App.swift; sourceTree = "<group>"; };
		3C46D079279EAC09001D5014 /* ContentView.swift */ = {isa = PBXFileReference; lastKnownFileType = sourcecode.swift; path = ContentView.swift; sourceTree = "<group>"; };
		3C46D07B279EAC0A001D5014 /* Assets.xcassets */ = {isa = PBXFileReference; lastKnownFileType = folder.assetcatalog; path = Assets.xcassets; sourceTree = "<group>"; };
		3C46D07E279EAC0A001D5014 /* Preview Assets.xcassets */ = {isa = PBXFileReference; lastKnownFileType = folder.assetcatalog; path = "Preview Assets.xcassets"; sourceTree = "<group>"; };
		3C46D085279EB070001D5014 /* ListView.swift */ = {isa = PBXFileReference; lastKnownFileType = sourcecode.swift; path = ListView.swift; sourceTree = "<group>"; };
		3C46D087279EB16E001D5014 /* LoadImageFromBundleView.swift */ = {isa = PBXFileReference; lastKnownFileType = sourcecode.swift; path = LoadImageFromBundleView.swift; sourceTree = "<group>"; };
		3C46D089279EB37A001D5014 /* WorkWithStringWiev.swift */ = {isa = PBXFileReference; lastKnownFileType = sourcecode.swift; path = WorkWithStringWiev.swift; sourceTree = "<group>"; };
/* End PBXFileReference section */

/* Begin PBXFrameworksBuildPhase section */
		3C46D071279EAC09001D5014 /* Frameworks */ = {
			isa = PBXFrameworksBuildPhase;
			buildActionMask = 2147483647;
			files = (
			);
			runOnlyForDeploymentPostprocessing = 0;
		};
/* End PBXFrameworksBuildPhase section */

/* Begin PBXGroup section */
		3C46D06B279EAC09001D5014 = {
			isa = PBXGroup;
			children = (
				3C46D076279EAC09001D5014 /* WordScrambleOverView(29) */,
				3C46D075279EAC09001D5014 /* Products */,
			);
			sourceTree = "<group>";
		};
		3C46D075279EAC09001D5014 /* Products */ = {
			isa = PBXGroup;
			children = (
				3C46D074279EAC09001D5014 /* WordScrambleOverView(29).app */,
			);
			name = Products;
			sourceTree = "<group>";
		};
		3C46D076279EAC09001D5014 /* WordScrambleOverView(29) */ = {
			isa = PBXGroup;
			children = (
				3C46D077279EAC09001D5014 /* WordScrambleOverView_29_App.swift */,
				3C46D079279EAC09001D5014 /* ContentView.swift */,
				3C46D085279EB070001D5014 /* ListView.swift */,
				3C46D087279EB16E001D5014 /* LoadImageFromBundleView.swift */,
				3C46D089279EB37A001D5014 /* WorkWithStringWiev.swift */,
				3C46D07B279EAC0A001D5014 /* Assets.xcassets */,
				3C46D07D279EAC0A001D5014 /* Preview Content */,
			);
			path = "WordScrambleOverView(29)";
			sourceTree = "<group>";
		};
		3C46D07D279EAC0A001D5014 /* Preview Content */ = {
			isa = PBXGroup;
			children = (
				3C46D07E279EAC0A001D5014 /* Preview Assets.xcassets */,
			);
			path = "Preview Content";
			sourceTree = "<group>";
		};
/* End PBXGroup section */

/* Begin PBXNativeTarget section */
		3C46D073279EAC09001D5014 /* WordScrambleOverView(29) */ = {
			isa = PBXNativeTarget;
			buildConfigurationList = 3C46D082279EAC0A001D5014 /* Build configuration list for PBXNativeTarget "WordScrambleOverView(29)" */;
			buildPhases = (
				3C46D070279EAC09001D5014 /* Sources */,
				3C46D071279EAC09001D5014 /* Frameworks */,
				3C46D072279EAC09001D5014 /* Resources */,
			);
			buildRules = (
			);
			dependencies = (
			);
			name = "WordScrambleOverView(29)";
			productName = "WordScrambleOverView(29)";
			productReference = 3C46D074279EAC09001D5014 /* WordScrambleOverView(29).app */;
			productType = "com.apple.product-type.application";
		};
/* End PBXNativeTarget section */

/* Begin PBXProject section */
		3C46D06C279EAC09001D5014 /* Project object */ = {
			isa = PBXProject;
			attributes = {
				BuildIndependentTargetsInParallel = 1;
				LastSwiftUpdateCheck = 1320;
				LastUpgradeCheck = 1320;
				TargetAttributes = {
					3C46D073279EAC09001D5014 = {
						CreatedOnToolsVersion = 13.2.1;
					};
				};
			};
			buildConfigurationList = 3C46D06F279EAC09001D5014 /* Build configuration list for PBXProject "WordScrambleOverView(29)" */;
			compatibilityVersion = "Xcode 13.0";
			developmentRegion = en;
			hasScannedForEncodings = 0;
			knownRegions = (
				en,
				Base,
			);
			mainGroup = 3C46D06B279EAC09001D5014;
			productRefGroup = 3C46D075279EAC09001D5014 /* Products */;
			projectDirPath = "";
			projectRoot = "";
			targets = (
				3C46D073279EAC09001D5014 /* WordScrambleOverView(29) */,
			);
		};
/* End PBXProject section */

/* Begin PBXResourcesBuildPhase section */
		3C46D072279EAC09001D5014 /* Resources */ = {
			isa = PBXResourcesBuildPhase;
			buildActionMask = 2147483647;
			files = (
				3C46D07F279EAC0A001D5014 /* Preview Assets.xcassets in Resources */,
				3C46D07C279EAC0A001D5014 /* Assets.xcassets in Resources */,
			);
			runOnlyForDeploymentPostprocessing = 0;
		};
/* End PBXResourcesBuildPhase section */

/* Begin PBXSourcesBuildPhase section */
		3C46D070279EAC09001D5014 /* Sources */ = {
			isa = PBXSourcesBuildPhase;
			buildActionMask = 2147483647;
			files = (
				3C46D088279EB16E001D5014 /* LoadImageFromBundleView.swift in Sources */,
				3C46D07A279EAC09001D5014 /* ContentView.swift in Sources */,
				3C46D08A279EB37A001D5014 /* WorkWithStringWiev.swift in Sources */,
				3C46D078279EAC09001D5014 /* WordScrambleOverView_29_App.swift in Sources */,
				3C46D086279EB070001D5014 /* ListView.swift in Sources */,
			);
			runOnlyForDeploymentPostprocessing = 0;
		};
/* End PBXSourcesBuildPhase section */

/* Begin XCBuildConfiguration section */
		3C46D080279EAC0A001D5014 /* Debug */ = {
			isa = XCBuildConfiguration;
			buildSettings = {
				ALWAYS_SEARCH_USER_PATHS = NO;
				CLANG_ANALYZER_NONNULL = YES;
				CLANG_ANALYZER_NUMBER_OBJECT_CONVERSION = YES_AGGRESSIVE;
				CLANG_CXX_LANGUAGE_STANDARD = "gnu++17";
				CLANG_CXX_LIBRARY = "libc++";
				CLANG_ENABLE_MODULES = YES;
				CLANG_ENABLE_OBJC_ARC = YES;
				CLANG_ENABLE_OBJC_WEAK = YES;
				CLANG_WARN_BLOCK_CAPTURE_AUTORELEASING = YES;
				CLANG_WARN_BOOL_CONVERSION = YES;
				CLANG_WARN_COMMA = YES;
				CLANG_WARN_CONSTANT_CONVERSION = YES;
				CLANG_WARN_DEPRECATED_OBJC_IMPLEMENTATIONS = YES;
				CLANG_WARN_DIRECT_OBJC_ISA_USAGE = YES_ERROR;
				CLANG_WARN_DOCUMENTATION_COMMENTS = YES;
				CLANG_WARN_EMPTY_BODY = YES;
				CLANG_WARN_ENUM_CONVERSION = YES;
				CLANG_WARN_INFINITE_RECURSION = YES;
				CLANG_WARN_INT_CONVERSION = YES;
				CLANG_WARN_NON_LITERAL_NULL_CONVERSION = YES;
				CLANG_WARN_OBJC_IMPLICIT_RETAIN_SELF = YES;
				CLANG_WARN_OBJC_LITERAL_CONVERSION = YES;
				CLANG_WARN_OBJC_ROOT_CLASS = YES_ERROR;
				CLANG_WARN_QUOTED_INCLUDE_IN_FRAMEWORK_HEADER = YES;
				CLANG_WARN_RANGE_LOOP_ANALYSIS = YES;
				CLANG_WARN_STRICT_PROTOTYPES = YES;
				CLANG_WARN_SUSPICIOUS_MOVE = YES;
				CLANG_WARN_UNGUARDED_AVAILABILITY = YES_AGGRESSIVE;
				CLANG_WARN_UNREACHABLE_CODE = YES;
				CLANG_WARN__DUPLICATE_METHOD_MATCH = YES;
				COPY_PHASE_STRIP = NO;
				DEBUG_INFORMATION_FORMAT = dwarf;
				ENABLE_STRICT_OBJC_MSGSEND = YES;
				ENABLE_TESTABILITY = YES;
				GCC_C_LANGUAGE_STANDARD = gnu11;
				GCC_DYNAMIC_NO_PIC = NO;
				GCC_NO_COMMON_BLOCKS = YES;
				GCC_OPTIMIZATION_LEVEL = 0;
				GCC_PREPROCESSOR_DEFINITIONS = (
					"DEBUG=1",
					"$(inherited)",
				);
				GCC_WARN_64_TO_32_BIT_CONVERSION = YES;
				GCC_WARN_ABOUT_RETURN_TYPE = YES_ERROR;
				GCC_WARN_UNDECLARED_SELECTOR = YES;
				GCC_WARN_UNINITIALIZED_AUTOS = YES_AGGRESSIVE;
				GCC_WARN_UNUSED_FUNCTION = YES;
				GCC_WARN_UNUSED_VARIABLE = YES;
				IPHONEOS_DEPLOYMENT_TARGET = 15.2;
				MTL_ENABLE_DEBUG_INFO = INCLUDE_SOURCE;
				MTL_FAST_MATH = YES;
				ONLY_ACTIVE_ARCH = YES;
				SDKROOT = iphoneos;
				SWIFT_ACTIVE_COMPILATION_CONDITIONS = DEBUG;
				SWIFT_OPTIMIZATION_LEVEL = "-Onone";
			};
			name = Debug;
		};
		3C46D081279EAC0A001D5014 /* Release */ = {
			isa = XCBuildConfiguration;
			buildSettings = {
				ALWAYS_SEARCH_USER_PATHS = NO;
				CLANG_ANALYZER_NONNULL = YES;
				CLANG_ANALYZER_NUMBER_OBJECT_CONVERSION = YES_AGGRESSIVE;
				CLANG_CXX_LANGUAGE_STANDARD = "gnu++17";
				CLANG_CXX_LIBRARY = "libc++";
				CLANG_ENABLE_MODULES = YES;
				CLANG_ENABLE_OBJC_ARC = YES;
				CLANG_ENABLE_OBJC_WEAK = YES;
				CLANG_WARN_BLOCK_CAPTURE_AUTORELEASING = YES;
				CLANG_WARN_BOOL_CONVERSION = YES;
				CLANG_WARN_COMMA = YES;
				CLANG_WARN_CONSTANT_CONVERSION = YES;
				CLANG_WARN_DEPRECATED_OBJC_IMPLEMENTATIONS = YES;
				CLANG_WARN_DIRECT_OBJC_ISA_USAGE = YES_ERROR;
				CLANG_WARN_DOCUMENTATION_COMMENTS = YES;
				CLANG_WARN_EMPTY_BODY = YES;
				CLANG_WARN_ENUM_CONVERSION = YES;
				CLANG_WARN_INFINITE_RECURSION = YES;
				CLANG_WARN_INT_CONVERSION = YES;
				CLANG_WARN_NON_LITERAL_NULL_CONVERSION = YES;
				CLANG_WARN_OBJC_IMPLICIT_RETAIN_SELF = YES;
				CLANG_WARN_OBJC_LITERAL_CONVERSION = YES;
				CLANG_WARN_OBJC_ROOT_CLASS = YES_ERROR;
				CLANG_WARN_QUOTED_INCLUDE_IN_FRAMEWORK_HEADER = YES;
				CLANG_WARN_RANGE_LOOP_ANALYSIS = YES;
				CLANG_WARN_STRICT_PROTOTYPES = YES;
				CLANG_WARN_SUSPICIOUS_MOVE = YES;
				CLANG_WARN_UNGUARDED_AVAILABILITY = YES_AGGRESSIVE;
				CLANG_WARN_UNREACHABLE_CODE = YES;
				CLANG_WARN__DUPLICATE_METHOD_MATCH = YES;
				COPY_PHASE_STRIP = NO;
				DEBUG_INFORMATION_FORMAT = "dwarf-with-dsym";
				ENABLE_NS_ASSERTIONS = NO;
				ENABLE_STRICT_OBJC_MSGSEND = YES;
				GCC_C_LANGUAGE_STANDARD = gnu11;
				GCC_NO_COMMON_BLOCKS = YES;
				GCC_WARN_64_TO_32_BIT_CONVERSION = YES;
				GCC_WARN_ABOUT_RETURN_TYPE = YES_ERROR;
				GCC_WARN_UNDECLARED_SELECTOR = YES;
				GCC_WARN_UNINITIALIZED_AUTOS = YES_AGGRESSIVE;
				GCC_WARN_UNUSED_FUNCTION = YES;
				GCC_WARN_UNUSED_VARIABLE = YES;
				IPHONEOS_DEPLOYMENT_TARGET = 15.2;
				MTL_ENABLE_DEBUG_INFO = NO;
				MTL_FAST_MATH = YES;
				SDKROOT = iphoneos;
				SWIFT_COMPILATION_MODE = wholemodule;
				SWIFT_OPTIMIZATION_LEVEL = "-O";
				VALIDATE_PRODUCT = YES;
			};
			name = Release;
		};
		3C46D083279EAC0A001D5014 /* Debug */ = {
			isa = XCBuildConfiguration;
			buildSettings = {
				ASSETCATALOG_COMPILER_APPICON_NAME = AppIcon;
				ASSETCATALOG_COMPILER_GLOBAL_ACCENT_COLOR_NAME = AccentColor;
				CODE_SIGN_STYLE = Automatic;
				CURRENT_PROJECT_VERSION = 1;
				DEVELOPMENT_ASSET_PATHS = "\"WordScrambleOverView(29)/Preview Content\"";
				ENABLE_PREVIEWS = YES;
				GENERATE_INFOPLIST_FILE = YES;
				INFOPLIST_KEY_UIApplicationSceneManifest_Generation = YES;
				INFOPLIST_KEY_UIApplicationSupportsIndirectInputEvents = YES;
				INFOPLIST_KEY_UILaunchScreen_Generation = YES;
				INFOPLIST_KEY_UISupportedInterfaceOrientations_iPad = "UIInterfaceOrientationPortrait UIInterfaceOrientationPortraitUpsideDown UIInterfaceOrientationLandscapeLeft UIInterfaceOrientationLandscapeRight";
				INFOPLIST_KEY_UISupportedInterfaceOrientations_iPhone = "UIInterfaceOrientationPortrait UIInterfaceOrientationLandscapeLeft UIInterfaceOrientationLandscapeRight";
				LD_RUNPATH_SEARCH_PATHS = (
					"$(inherited)",
					"@executable_path/Frameworks",
				);
				MARKETING_VERSION = 1.0;
				PRODUCT_BUNDLE_IDENTIFIER = "com.elliot.knight..WordScrambleOverView-29-";
				PRODUCT_NAME = "$(TARGET_NAME)";
				SWIFT_EMIT_LOC_STRINGS = YES;
				SWIFT_VERSION = 5.0;
				TARGETED_DEVICE_FAMILY = "1,2";
			};
			name = Debug;
		};
		3C46D084279EAC0A001D5014 /* Release */ = {
			isa = XCBuildConfiguration;
			buildSettings = {
				ASSETCATALOG_COMPILER_APPICON_NAME = AppIcon;
				ASSETCATALOG_COMPILER_GLOBAL_ACCENT_COLOR_NAME = AccentColor;
				CODE_SIGN_STYLE = Automatic;
				CURRENT_PROJECT_VERSION = 1;
				DEVELOPMENT_ASSET_PATHS = "\"WordScrambleOverView(29)/Preview Content\"";
				ENABLE_PREVIEWS = YES;
				GENERATE_INFOPLIST_FILE = YES;
				INFOPLIST_KEY_UIApplicationSceneManifest_Generation = YES;
				INFOPLIST_KEY_UIApplicationSupportsIndirectInputEvents = YES;
				INFOPLIST_KEY_UILaunchScreen_Generation = YES;
				INFOPLIST_KEY_UISupportedInterfaceOrientations_iPad = "UIInterfaceOrientationPortrait UIInterfaceOrientationPortraitUpsideDown UIInterfaceOrientationLandscapeLeft UIInterfaceOrientationLandscapeRight";
				INFOPLIST_KEY_UISupportedInterfaceOrientations_iPhone = "UIInterfaceOrientationPortrait UIInterfaceOrientationLandscapeLeft UIInterfaceOrientationLandscapeRight";
				LD_RUNPATH_SEARCH_PATHS = (
					"$(inherited)",
					"@executable_path/Frameworks",
				);
				MARKETING_VERSION = 1.0;
				PRODUCT_BUNDLE_IDENTIFIER = "com.elliot.knight..WordScrambleOverView-29-";
				PRODUCT_NAME = "$(TARGET_NAME)";
				SWIFT_EMIT_LOC_STRINGS = YES;
				SWIFT_VERSION = 5.0;
				TARGETED_DEVICE_FAMILY = "1,2";
			};
			name = Release;
		};
/* End XCBuildConfiguration section */

/* Begin XCConfigurationList section */
		3C46D06F279EAC09001D5014 /* Build configuration list for PBXProject "WordScrambleOverView(29)" */ = {
			isa = XCConfigurationList;
			buildConfigurations = (
				3C46D080279EAC0A001D5014 /* Debug */,
				3C46D081279EAC0A001D5014 /* Release */,
			);
			defaultConfigurationIsVisible = 0;
			defaultConfigurationName = Release;
		};
		3C46D082279EAC0A001D5014 /* Build configuration list for PBXNativeTarget "WordScrambleOverView(29)" */ = {
			isa = XCConfigurationList;
			buildConfigurations = (
				3C46D083279EAC0A001D5014 /* Debug */,
				3C46D084279EAC0A001D5014 /* Release */,
			);
			defaultConfigurationIsVisible = 0;
			defaultConfigurationName = Release;
		};
/* End XCConfigurationList section */
	};
	rootObject = 3C46D06C279EAC09001D5014 /* Project object */;
}
